<?xml version="1.0" encoding="utf-8"?>
<Project ToolsVersion="4.0" xmlns="http://schemas.microsoft.com/developer/msbuild/2003">
  <ItemGroup>
    <Filter Include="Source Files">
      <UniqueIdentifier>{4FC737F1-C7A5-4376-A066-2A32D752A2FF}</UniqueIdentifier>
      <Extensions>cpp;c;cc;cxx;def;odl;idl;hpj;bat;asm;asmx</Extensions>
    </Filter>
    <Filter Include="Header Files">
      <UniqueIdentifier>{93995380-89BD-4b04-88EB-625FBE52EBFB}</UniqueIdentifier>
      <Extensions>h;hh;hpp;hxx;hm;inl;inc;xsd</Extensions>
    </Filter>
    <Filter Include="Resource Files">
      <UniqueIdentifier>{67DA6AB6-F800-4c08-8B7A-83BB121AAD01}</UniqueIdentifier>
      <Extensions>rc;ico;cur;bmp;dlg;rc2;rct;bin;rgs;gif;jpg;jpeg;jpe;resx;tiff;tif;png;wav;mfcribbon-ms</Extensions>
    </Filter>
    <Filter Include="Header Files\ScreenObjects">
      <UniqueIdentifier>{c660d142-e296-4e1c-8c34-735fcce0cf4c}</UniqueIdentifier>
    </Filter>
    <Filter Include="Source Files\ScreenObjects">
      <UniqueIdentifier>{6066016c-5d7f-491a-881e-fa33e2a63b7c}</UniqueIdentifier>
    </Filter>
  </ItemGroup>
  <ItemGroup>
    <ClCompile Include="Source.cpp">
      <Filter>Source Files</Filter>
    </ClCompile>
    <ClCompile Include="Paint.cpp">
      <Filter>Source Files</Filter>
    </ClCompile>
    <ClCompile Include="Window.cpp">
      <Filter>Source Files</Filter>
    </ClCompile>
    <ClCompile Include="Bond.cpp">
      <Filter>Source Files\ScreenObjects</Filter>
    </ClCompile>
    <ClCompile Include="Box.cpp">
      <Filter>Source Files\ScreenObjects</Filter>
    </ClCompile>
    <ClCompile Include="Crcl.cpp">
      <Filter>Source Files\ScreenObjects</Filter>
    </ClCompile>
    <ClCompile Include="Line.cpp">
      <Filter>Source Files\ScreenObjects</Filter>
    </ClCompile>
    <ClCompile Include="Rect.cpp">
      <Filter>Source Files\ScreenObjects</Filter>
    </ClCompile>
    <ClCompile Include="ScreenObj.cpp">
      <Filter>Source Files\ScreenObjects</Filter>
    </ClCompile>
    <ClCompile Include="Shape.cpp">
      <Filter>Source Files\ScreenObjects</Filter>
    </ClCompile>
    <ClCompile Include="Trgl.cpp">
      <Filter>Source Files\ScreenObjects</Filter>
    </ClCompile>
    <ClCompile Include="Union.cpp">
      <Filter>Source Files\ScreenObjects</Filter>
    </ClCompile>
  </ItemGroup>
  <ItemGroup>
    <ClInclude Include="resource.h">
      <Filter>Header Files</Filter>
    </ClInclude>
    <ClInclude Include="Paint.h">
      <Filter>Header Files</Filter>
    </ClInclude>
    <ClInclude Include="Window.h">
      <Filter>Header Files</Filter>
    </ClInclude>
    <ClInclude Include="Bond.h">
      <Filter>Header Files\ScreenObjects</Filter>
    </ClInclude>
    <ClInclude Include="Box.h">
      <Filter>Header Files\ScreenObjects</Filter>
    </ClInclude>
    <ClInclude Include="Crcl.h">
      <Filter>Header Files\ScreenObjects</Filter>
    </ClInclude>
    <ClInclude Include="Line.h">
      <Filter>Header Files\ScreenObjects</Filter>
    </ClInclude>
    <ClInclude Include="Rect.h">
      <Filter>Header Files\ScreenObjects</Filter>
    </ClInclude>
    <ClInclude Include="ScreenObj.h">
      <Filter>Header Files\ScreenObjects</Filter>
    </ClInclude>
    <ClInclude Include="Shape.h">
      <Filter>Header Files\ScreenObjects</Filter>
    </ClInclude>
    <ClInclude Include="Trgl.h">
      <Filter>Header Files\ScreenObjects</Filter>
    </ClInclude>
    <ClInclude Include="Union.h">
      <Filter>Header Files\ScreenObjects</Filter>
    </ClInclude>
  </ItemGroup>
  <ItemGroup>
    <ResourceCompile Include="Resource.rc">
      <Filter>Resource Files</Filter>
    </ResourceCompile>
  </ItemGroup>
  <ItemGroup>
    <Image Include="toolbar1.bmp">
      <Filter>Resource Files</Filter>
    </Image>
    <Image Include="icon1.ico">
      <Filter>Resource Files</Filter>
    </Image>
  </ItemGroup>
</Project>